
Microsoft Visual Studio Solution File, Format Version 12.00
# Visual Studio Version 17
VisualStudioVersion = 17.3.32804.467
MinimumVisualStudioVersion = 10.0.40219.1
Project("{FAE04EC0-301F-11D3-BF4B-00C04F79EFBC}") = "11-08-22", "11-08-22.csproj", "{57A82238-33AF-4684-AE48-8755F0C302CC}"
EndProject
Global
	GlobalSection(SolutionConfigurationPlatforms) = preSolution
		Debug|Any CPU = Debug|Any CPU
		Release|Any CPU = Release|Any CPU
	EndGlobalSection
	GlobalSection(ProjectConfigurationPlatforms) = postSolution
		{57A82238-33AF-4684-AE48-8755F0C302CC}.Debug|Any CPU.ActiveCfg = Debug|Any CPU
		{57A82238-33AF-4684-AE48-8755F0C302CC}.Debug|Any CPU.Build.0 = Debug|Any CPU
		{57A82238-33AF-4684-AE48-8755F0C302CC}.Release|Any CPU.ActiveCfg = Release|Any CPU
		{57A82238-33AF-4684-AE48-8755F0C302CC}.Release|Any CPU.Build.0 = Release|Any CPU
	EndGlobalSection
	GlobalSection(SolutionProperties) = preSolution
		HideSolutionNode = FALSE
	EndGlobalSection
	GlobalSection(ExtensibilityGlobals) = postSolution
		SolutionGuid = {55184101-724F-4600-B687-8262B6CC6693}
	EndGlobalSection
EndGlobal
